// !$*UTF8*$!
{
	archiveVersion = 1;
	classes = {
	};
	objectVersion = 48;
	objects = {

/* Begin PBXBuildFile section */
		4C7B5BE320411D1900FDD612 /* OSSTestUtils.m in Sources */ = {isa = PBXBuildFile; fileRef = 4C7B5BE220411D1900FDD612 /* OSSTestUtils.m */; };
		4C7B5BE52041680300FDD612 /* hasky.jpeg in Resources */ = {isa = PBXBuildFile; fileRef = 4C7B5BE42041680300FDD612 /* hasky.jpeg */; };
		4C7B5BE62041680300FDD612 /* hasky.jpeg in Resources */ = {isa = PBXBuildFile; fileRef = 4C7B5BE42041680300FDD612 /* hasky.jpeg */; };
		4C7B5BE72041680300FDD612 /* hasky.jpeg in Resources */ = {isa = PBXBuildFile; fileRef = 4C7B5BE42041680300FDD612 /* hasky.jpeg */; };
		4C7B5BE92043A15100FDD612 /* wangwang.zip in Resources */ = {isa = PBXBuildFile; fileRef = 4C7B5BE82043A15100FDD612 /* wangwang.zip */; };
		4C7B5BEA2043A15100FDD612 /* wangwang.zip in Resources */ = {isa = PBXBuildFile; fileRef = 4C7B5BE82043A15100FDD612 /* wangwang.zip */; };
		4C7B5BEB2043A15100FDD612 /* wangwang.zip in Resources */ = {isa = PBXBuildFile; fileRef = 4C7B5BE82043A15100FDD612 /* wangwang.zip */; };
		5468C5192601D85100CF043E /* OSSConfigurationTest.m in Sources */ = {isa = PBXBuildFile; fileRef = 5468C5182601D85100CF043E /* OSSConfigurationTest.m */; };
		D1805035212EA0F700A1E647 /* OSSHttp2Test.m in Sources */ = {isa = PBXBuildFile; fileRef = D1805034212EA0F700A1E647 /* OSSHttp2Test.m */; };
		D810A00B2092F76900425D19 /* OSSUtilsTests.m in Sources */ = {isa = PBXBuildFile; fileRef = D810A00A2092F76900425D19 /* OSSUtilsTests.m */; };
		D8125E96211DAFA500DB687C /* OSSClientTests.m in Sources */ = {isa = PBXBuildFile; fileRef = D8125E95211DAFA500DB687C /* OSSClientTests.m */; };
		D827E4101FCD0FC60085380C /* AppDelegate.m in Sources */ = {isa = PBXBuildFile; fileRef = D827E40F1FCD0FC60085380C /* AppDelegate.m */; };
		D827E4131FCD0FC60085380C /* ViewController.m in Sources */ = {isa = PBXBuildFile; fileRef = D827E4121FCD0FC60085380C /* ViewController.m */; };
		D827E4151FCD0FC60085380C /* Assets.xcassets in Resources */ = {isa = PBXBuildFile; fileRef = D827E4141FCD0FC60085380C /* Assets.xcassets */; };
		D827E4181FCD0FC60085380C /* Main.storyboard in Resources */ = {isa = PBXBuildFile; fileRef = D827E4161FCD0FC60085380C /* Main.storyboard */; };
		D827E41B1FCD0FC60085380C /* main.m in Sources */ = {isa = PBXBuildFile; fileRef = D827E41A1FCD0FC60085380C /* main.m */; };
		D827E4221FCD101F0085380C /* OSSWindow.m in Sources */ = {isa = PBXBuildFile; fileRef = D827E4211FCD101F0085380C /* OSSWindow.m */; };
		D827E4241FCD11B00085380C /* AliyunOSSOSX.framework in Frameworks */ = {isa = PBXBuildFile; fileRef = D827E4231FCD11B00085380C /* AliyunOSSOSX.framework */; };
		D827E4251FCD11B00085380C /* AliyunOSSOSX.framework in Embed Frameworks */ = {isa = PBXBuildFile; fileRef = D827E4231FCD11B00085380C /* AliyunOSSOSX.framework */; settings = {ATTRIBUTES = (CodeSignOnCopy, RemoveHeadersOnCopy, ); }; };
		D827E4281FCD11BD0085380C /* SystemConfiguration.framework in Frameworks */ = {isa = PBXBuildFile; fileRef = D827E4271FCD11BD0085380C /* SystemConfiguration.framework */; };
		D827E42A1FCD11C40085380C /* CoreTelephony.framework in Frameworks */ = {isa = PBXBuildFile; fileRef = D827E4291FCD11C40085380C /* CoreTelephony.framework */; };
		D829F3AE1FDE719000A8C2DC /* OSSBucketTests.m in Sources */ = {isa = PBXBuildFile; fileRef = D829F3AD1FDE719000A8C2DC /* OSSBucketTests.m */; };
		D829F3B01FDE71C500A8C2DC /* OSSObjectTests.m in Sources */ = {isa = PBXBuildFile; fileRef = D829F3AF1FDE71C500A8C2DC /* OSSObjectTests.m */; };
		D829F3F61FE23DA700A8C2DC /* OSSCrc64Tests.m in Sources */ = {isa = PBXBuildFile; fileRef = D829F3F51FE23DA700A8C2DC /* OSSCrc64Tests.m */; };
		D83CEFF8201F1CEE00F917E1 /* TriggerCallbackTests.m in Sources */ = {isa = PBXBuildFile; fileRef = D83CEFF7201F1CEE00F917E1 /* TriggerCallbackTests.m */; };
		D83D58581FC681F90022761B /* OSSModelTests.m in Sources */ = {isa = PBXBuildFile; fileRef = D83D58521FC680850022761B /* OSSModelTests.m */; };
		D83D58591FC682010022761B /* OSSCredentialProviderTests.m in Sources */ = {isa = PBXBuildFile; fileRef = D83D58511FC680840022761B /* OSSCredentialProviderTests.m */; };
		D83D585A1FC682070022761B /* OSSRangeTests.m in Sources */ = {isa = PBXBuildFile; fileRef = D83D58501FC680840022761B /* OSSRangeTests.m */; };
		D83D585B1FC6820B0022761B /* OSSSignTests.m in Sources */ = {isa = PBXBuildFile; fileRef = D83D58531FC680850022761B /* OSSSignTests.m */; };
		D83D58CE1FC6B3100022761B /* ViewController.m in Sources */ = {isa = PBXBuildFile; fileRef = D83D58BF1FC6B3100022761B /* ViewController.m */; };
		D83D58D11FC6B3100022761B /* AppDelegate.m in Sources */ = {isa = PBXBuildFile; fileRef = D83D58C51FC6B3100022761B /* AppDelegate.m */; };
		D83D58D81FC6B4350022761B /* SystemConfiguration.framework in Frameworks */ = {isa = PBXBuildFile; fileRef = D87182F61FC55F36000DD9EC /* SystemConfiguration.framework */; };
		D83D58D91FC6B43E0022761B /* CoreTelephony.framework in Frameworks */ = {isa = PBXBuildFile; fileRef = D87182FA1FC560D6000DD9EC /* CoreTelephony.framework */; };
		D83D58DA1FC6B4450022761B /* libresolv.tbd in Frameworks */ = {isa = PBXBuildFile; fileRef = D87182F81FC55F46000DD9EC /* libresolv.tbd */; };
		D83D58E11FC6B61F0022761B /* Assets.xcassets in Resources */ = {isa = PBXBuildFile; fileRef = D83D58DD1FC6B61F0022761B /* Assets.xcassets */; };
		D83D58E21FC6B61F0022761B /* main.m in Sources */ = {isa = PBXBuildFile; fileRef = D83D58DF1FC6B61F0022761B /* main.m */; };
		D83D58E81FC6B6DA0022761B /* Main.storyboard in Resources */ = {isa = PBXBuildFile; fileRef = D83D58E41FC6B6D90022761B /* Main.storyboard */; };
		D83D58E91FC6B6DA0022761B /* LaunchScreen.storyboard in Resources */ = {isa = PBXBuildFile; fileRef = D83D58E61FC6B6D90022761B /* LaunchScreen.storyboard */; };
		D83D58EB1FC6C0C70022761B /* AliyunOSSiOS.framework in Frameworks */ = {isa = PBXBuildFile; fileRef = D83D58EA1FC6C0C70022761B /* AliyunOSSiOS.framework */; };
		D83D58EC1FC6C0C70022761B /* AliyunOSSiOS.framework in Embed Frameworks */ = {isa = PBXBuildFile; fileRef = D83D58EA1FC6C0C70022761B /* AliyunOSSiOS.framework */; settings = {ATTRIBUTES = (CodeSignOnCopy, RemoveHeadersOnCopy, ); }; };
		D83D58F21FC6C1F40022761B /* sts.py in Resources */ = {isa = PBXBuildFile; fileRef = D83D58EE1FC6C1F40022761B /* sts.py */; };
		D83D58F41FC6C1F40022761B /* httpserver.py in Resources */ = {isa = PBXBuildFile; fileRef = D83D58F01FC6C1F40022761B /* httpserver.py */; };
		D83D58FB1FC700C70022761B /* test.xml in Resources */ = {isa = PBXBuildFile; fileRef = D83D58F91FC700C70022761B /* test.xml */; };
		D85277392010414D00D7B1DE /* AliyunOSSTests.m in Sources */ = {isa = PBXBuildFile; fileRef = D85277382010414D00D7B1DE /* AliyunOSSTests.m */; };
		D852773B2010439A00D7B1DE /* SequentialMultipartUploadTests.m in Sources */ = {isa = PBXBuildFile; fileRef = D852773A2010439A00D7B1DE /* SequentialMultipartUploadTests.m */; };
		D87183B11FC56FD0000DD9EC /* AliyunOSSiOS.framework in Frameworks */ = {isa = PBXBuildFile; fileRef = D87183B21FC56FD0000DD9EC /* AliyunOSSiOS.framework */; };
		D87183C21FC572C6000DD9EC /* OSSLogTests.m in Sources */ = {isa = PBXBuildFile; fileRef = D87183BA1FC572C6000DD9EC /* OSSLogTests.m */; };
		D87183C31FC572C6000DD9EC /* AliyunOSSiOSTests.m in Sources */ = {isa = PBXBuildFile; fileRef = D87183BB1FC572C6000DD9EC /* AliyunOSSiOSTests.m */; };
		D87183C41FC572C6000DD9EC /* OSSTaskTests.m in Sources */ = {isa = PBXBuildFile; fileRef = D87183BC1FC572C6000DD9EC /* OSSTaskTests.m */; };
		D87183C51FC572C6000DD9EC /* OSSCancellationTests.m in Sources */ = {isa = PBXBuildFile; fileRef = D87183BD1FC572C6000DD9EC /* OSSCancellationTests.m */; };
		D87183C61FC572C6000DD9EC /* OSSExecutorTests.m in Sources */ = {isa = PBXBuildFile; fileRef = D87183BE1FC572C6000DD9EC /* OSSExecutorTests.m */; };
		D87183C71FC572C6000DD9EC /* OSSXMLDictionaryTests.m in Sources */ = {isa = PBXBuildFile; fileRef = D87183BF1FC572C6000DD9EC /* OSSXMLDictionaryTests.m */; };
		D87183C91FC572C6000DD9EC /* OSSReachabilityTests.m in Sources */ = {isa = PBXBuildFile; fileRef = D87183C11FC572C6000DD9EC /* OSSReachabilityTests.m */; };
		D87183D01FC581FA000DD9EC /* libresolv.tbd in Frameworks */ = {isa = PBXBuildFile; fileRef = D87182F81FC55F46000DD9EC /* libresolv.tbd */; };
		D87183D11FC58201000DD9EC /* SystemConfiguration.framework in Frameworks */ = {isa = PBXBuildFile; fileRef = D87182F61FC55F36000DD9EC /* SystemConfiguration.framework */; };
		D87183D21FC5820B000DD9EC /* CoreTelephony.framework in Frameworks */ = {isa = PBXBuildFile; fileRef = D87182FA1FC560D6000DD9EC /* CoreTelephony.framework */; };
		D87A0E022057F54B006D2F48 /* ConcurrencyTests.m in Sources */ = {isa = PBXBuildFile; fileRef = D87A0E012057F54B006D2F48 /* ConcurrencyTests.m */; };
		D88AD7EB2180205600B34D47 /* OSSManager.m in Sources */ = {isa = PBXBuildFile; fileRef = D88AD7E52180205600B34D47 /* OSSManager.m */; };
		D88AD7EC2180205600B34D47 /* OSSWrapper.m in Sources */ = {isa = PBXBuildFile; fileRef = D88AD7E62180205600B34D47 /* OSSWrapper.m */; };
		D88AD7ED2180205600B34D47 /* DownloadService.m in Sources */ = {isa = PBXBuildFile; fileRef = D88AD7EA2180205600B34D47 /* DownloadService.m */; };
		D8C41A641FCC002C0091699B /* test.xml in Resources */ = {isa = PBXBuildFile; fileRef = D83D58F91FC700C70022761B /* test.xml */; };
/* End PBXBuildFile section */

/* Begin PBXContainerItemProxy section */
		D83D58F61FC6FFA20022761B /* PBXContainerItemProxy */ = {
			isa = PBXContainerItemProxy;
			containerPortal = D87182AD1FC55611000DD9EC /* Project object */;
			proxyType = 1;
			remoteGlobalIDString = D83D58A51FC6B2850022761B;
			remoteInfo = "AliyunOSSSDK-iOS-Example";
		};
/* End PBXContainerItemProxy section */

/* Begin PBXCopyFilesBuildPhase section */
		D827E4261FCD11B10085380C /* Embed Frameworks */ = {
			isa = PBXCopyFilesBuildPhase;
			buildActionMask = 2147483647;
			dstPath = "";
			dstSubfolderSpec = 10;
			files = (
				D827E4251FCD11B00085380C /* AliyunOSSOSX.framework in Embed Frameworks */,
			);
			name = "Embed Frameworks";
			runOnlyForDeploymentPostprocessing = 0;
		};
		D83D58D71FC6B41C0022761B /* Embed Frameworks */ = {
			isa = PBXCopyFilesBuildPhase;
			buildActionMask = 2147483647;
			dstPath = "";
			dstSubfolderSpec = 10;
			files = (
				D83D58EC1FC6C0C70022761B /* AliyunOSSiOS.framework in Embed Frameworks */,
			);
			name = "Embed Frameworks";
			runOnlyForDeploymentPostprocessing = 0;
		};
/* End PBXCopyFilesBuildPhase section */

/* Begin PBXFileReference section */
		4C7B5BE120411D1900FDD612 /* OSSTestUtils.h */ = {isa = PBXFileReference; lastKnownFileType = sourcecode.c.h; path = OSSTestUtils.h; sourceTree = "<group>"; };
		4C7B5BE220411D1900FDD612 /* OSSTestUtils.m */ = {isa = PBXFileReference; lastKnownFileType = sourcecode.c.objc; path = OSSTestUtils.m; sourceTree = "<group>"; };
		4C7B5BE42041680300FDD612 /* hasky.jpeg */ = {isa = PBXFileReference; lastKnownFileType = image.jpeg; path = hasky.jpeg; sourceTree = "<group>"; };
		4C7B5BE82043A15100FDD612 /* wangwang.zip */ = {isa = PBXFileReference; lastKnownFileType = archive.zip; path = wangwang.zip; sourceTree = "<group>"; };
		5468C5182601D85100CF043E /* OSSConfigurationTest.m */ = {isa = PBXFileReference; lastKnownFileType = sourcecode.c.objc; path = OSSConfigurationTest.m; sourceTree = "<group>"; };
		D1805034212EA0F700A1E647 /* OSSHttp2Test.m */ = {isa = PBXFileReference; fileEncoding = 4; lastKnownFileType = sourcecode.c.objc; path = OSSHttp2Test.m; sourceTree = "<group>"; };
		D810A00A2092F76900425D19 /* OSSUtilsTests.m */ = {isa = PBXFileReference; lastKnownFileType = sourcecode.c.objc; path = OSSUtilsTests.m; sourceTree = "<group>"; };
		D8125E95211DAFA500DB687C /* OSSClientTests.m */ = {isa = PBXFileReference; lastKnownFileType = sourcecode.c.objc; path = OSSClientTests.m; sourceTree = "<group>"; };
		D827E40C1FCD0FC60085380C /* AliyunOSSSDK-OSX-Example.app */ = {isa = PBXFileReference; explicitFileType = wrapper.application; includeInIndex = 0; path = "AliyunOSSSDK-OSX-Example.app"; sourceTree = BUILT_PRODUCTS_DIR; };
		D827E40E1FCD0FC60085380C /* AppDelegate.h */ = {isa = PBXFileReference; lastKnownFileType = sourcecode.c.h; path = AppDelegate.h; sourceTree = "<group>"; };
		D827E40F1FCD0FC60085380C /* AppDelegate.m */ = {isa = PBXFileReference; lastKnownFileType = sourcecode.c.objc; path = AppDelegate.m; sourceTree = "<group>"; };
		D827E4111FCD0FC60085380C /* ViewController.h */ = {isa = PBXFileReference; lastKnownFileType = sourcecode.c.h; path = ViewController.h; sourceTree = "<group>"; };
		D827E4121FCD0FC60085380C /* ViewController.m */ = {isa = PBXFileReference; lastKnownFileType = sourcecode.c.objc; path = ViewController.m; sourceTree = "<group>"; };
		D827E4141FCD0FC60085380C /* Assets.xcassets */ = {isa = PBXFileReference; lastKnownFileType = folder.assetcatalog; path = Assets.xcassets; sourceTree = "<group>"; };
		D827E4171FCD0FC60085380C /* Base */ = {isa = PBXFileReference; lastKnownFileType = file.storyboard; name = Base; path = Base.lproj/Main.storyboard; sourceTree = "<group>"; };
		D827E4191FCD0FC60085380C /* Info.plist */ = {isa = PBXFileReference; lastKnownFileType = text.plist.xml; path = Info.plist; sourceTree = "<group>"; };
		D827E41A1FCD0FC60085380C /* main.m */ = {isa = PBXFileReference; lastKnownFileType = sourcecode.c.objc; path = main.m; sourceTree = "<group>"; };
		D827E4201FCD101F0085380C /* OSSWindow.h */ = {isa = PBXFileReference; lastKnownFileType = sourcecode.c.h; path = OSSWindow.h; sourceTree = "<group>"; };
		D827E4211FCD101F0085380C /* OSSWindow.m */ = {isa = PBXFileReference; lastKnownFileType = sourcecode.c.objc; path = OSSWindow.m; sourceTree = "<group>"; };
		D827E4231FCD11B00085380C /* AliyunOSSOSX.framework */ = {isa = PBXFileReference; explicitFileType = wrapper.framework; path = AliyunOSSOSX.framework; sourceTree = BUILT_PRODUCTS_DIR; };
		D827E4271FCD11BD0085380C /* SystemConfiguration.framework */ = {isa = PBXFileReference; lastKnownFileType = wrapper.framework; name = SystemConfiguration.framework; path = Platforms/MacOSX.platform/Developer/SDKs/MacOSX10.13.sdk/System/Library/Frameworks/SystemConfiguration.framework; sourceTree = DEVELOPER_DIR; };
		D827E4291FCD11C40085380C /* CoreTelephony.framework */ = {isa = PBXFileReference; lastKnownFileType = wrapper.framework; name = CoreTelephony.framework; path = Platforms/MacOSX.platform/Developer/SDKs/MacOSX10.13.sdk/System/Library/Frameworks/CoreTelephony.framework; sourceTree = DEVELOPER_DIR; };
		D827E42B1FCD11CC0085380C /* libresolv.tbd */ = {isa = PBXFileReference; lastKnownFileType = "sourcecode.text-based-dylib-definition"; name = libresolv.tbd; path = Platforms/MacOSX.platform/Developer/SDKs/MacOSX10.13.sdk/usr/lib/libresolv.tbd; sourceTree = DEVELOPER_DIR; };
		D829F3AD1FDE719000A8C2DC /* OSSBucketTests.m */ = {isa = PBXFileReference; lastKnownFileType = sourcecode.c.objc; path = OSSBucketTests.m; sourceTree = "<group>"; };
		D829F3AF1FDE71C500A8C2DC /* OSSObjectTests.m */ = {isa = PBXFileReference; lastKnownFileType = sourcecode.c.objc; path = OSSObjectTests.m; sourceTree = "<group>"; };
		D829F3B11FDE72A200A8C2DC /* OSSTestMacros.h */ = {isa = PBXFileReference; lastKnownFileType = sourcecode.c.h; path = OSSTestMacros.h; sourceTree = "<group>"; };
		D829F3F51FE23DA700A8C2DC /* OSSCrc64Tests.m */ = {isa = PBXFileReference; lastKnownFileType = sourcecode.c.objc; path = OSSCrc64Tests.m; sourceTree = "<group>"; };
		D83CEFF7201F1CEE00F917E1 /* TriggerCallbackTests.m */ = {isa = PBXFileReference; lastKnownFileType = sourcecode.c.objc; path = TriggerCallbackTests.m; sourceTree = "<group>"; };
		D83D58501FC680840022761B /* OSSRangeTests.m */ = {isa = PBXFileReference; fileEncoding = 4; lastKnownFileType = sourcecode.c.objc; path = OSSRangeTests.m; sourceTree = "<group>"; };
		D83D58511FC680840022761B /* OSSCredentialProviderTests.m */ = {isa = PBXFileReference; fileEncoding = 4; lastKnownFileType = sourcecode.c.objc; path = OSSCredentialProviderTests.m; sourceTree = "<group>"; };
		D83D58521FC680850022761B /* OSSModelTests.m */ = {isa = PBXFileReference; fileEncoding = 4; lastKnownFileType = sourcecode.c.objc; path = OSSModelTests.m; sourceTree = "<group>"; };
		D83D58531FC680850022761B /* OSSSignTests.m */ = {isa = PBXFileReference; fileEncoding = 4; lastKnownFileType = sourcecode.c.objc; path = OSSSignTests.m; sourceTree = "<group>"; };
		D83D58A61FC6B2850022761B /* AliyunOSSSDK-iOS-Example.app */ = {isa = PBXFileReference; explicitFileType = wrapper.application; includeInIndex = 0; path = "AliyunOSSSDK-iOS-Example.app"; sourceTree = BUILT_PRODUCTS_DIR; };
		D83D58BD1FC6B3100022761B /* AppDelegate.h */ = {isa = PBXFileReference; fileEncoding = 4; lastKnownFileType = sourcecode.c.h; path = AppDelegate.h; sourceTree = "<group>"; };
		D83D58BF1FC6B3100022761B /* ViewController.m */ = {isa = PBXFileReference; fileEncoding = 4; lastKnownFileType = sourcecode.c.objc; path = ViewController.m; sourceTree = "<group>"; };
		D83D58C51FC6B3100022761B /* AppDelegate.m */ = {isa = PBXFileReference; fileEncoding = 4; lastKnownFileType = sourcecode.c.objc; path = AppDelegate.m; sourceTree = "<group>"; };
		D83D58CC1FC6B3100022761B /* ViewController.h */ = {isa = PBXFileReference; fileEncoding = 4; lastKnownFileType = sourcecode.c.h; path = ViewController.h; sourceTree = "<group>"; };
		D83D58DD1FC6B61F0022761B /* Assets.xcassets */ = {isa = PBXFileReference; lastKnownFileType = folder.assetcatalog; path = Assets.xcassets; sourceTree = "<group>"; };
		D83D58DE1FC6B61F0022761B /* AliyunOSSSDK-iOS-Example-Prefix.pch */ = {isa = PBXFileReference; fileEncoding = 4; lastKnownFileType = sourcecode.c.h; path = "AliyunOSSSDK-iOS-Example-Prefix.pch"; sourceTree = "<group>"; };
		D83D58DF1FC6B61F0022761B /* main.m */ = {isa = PBXFileReference; fileEncoding = 4; lastKnownFileType = sourcecode.c.objc; path = main.m; sourceTree = "<group>"; };
		D83D58E01FC6B61F0022761B /* Info.plist */ = {isa = PBXFileReference; fileEncoding = 4; lastKnownFileType = text.plist.xml; path = Info.plist; sourceTree = "<group>"; };
		D83D58E51FC6B6D90022761B /* Base */ = {isa = PBXFileReference; lastKnownFileType = file.storyboard; name = Base; path = "AliyunOSSSDK-iOS-Example/Base.lproj/Main.storyboard"; sourceTree = SOURCE_ROOT; };
		D83D58E71FC6B6D90022761B /* Base */ = {isa = PBXFileReference; lastKnownFileType = file.storyboard; name = Base; path = "AliyunOSSSDK-iOS-Example/Base.lproj/LaunchScreen.storyboard"; sourceTree = SOURCE_ROOT; };
		D83D58EA1FC6C0C70022761B /* AliyunOSSiOS.framework */ = {isa = PBXFileReference; explicitFileType = wrapper.framework; path = AliyunOSSiOS.framework; sourceTree = BUILT_PRODUCTS_DIR; };
		D83D58EE1FC6C1F40022761B /* sts.py */ = {isa = PBXFileReference; fileEncoding = 4; lastKnownFileType = text.script.python; path = sts.py; sourceTree = "<group>"; };
		D83D58F01FC6C1F40022761B /* httpserver.py */ = {isa = PBXFileReference; fileEncoding = 4; lastKnownFileType = text.script.python; path = httpserver.py; sourceTree = "<group>"; };
		D83D58F91FC700C70022761B /* test.xml */ = {isa = PBXFileReference; fileEncoding = 4; lastKnownFileType = text.xml; path = test.xml; sourceTree = "<group>"; };
		D85277382010414D00D7B1DE /* AliyunOSSTests.m */ = {isa = PBXFileReference; lastKnownFileType = sourcecode.c.objc; path = AliyunOSSTests.m; sourceTree = "<group>"; };
		D852773A2010439A00D7B1DE /* SequentialMultipartUploadTests.m */ = {isa = PBXFileReference; lastKnownFileType = sourcecode.c.objc; path = SequentialMultipartUploadTests.m; sourceTree = "<group>"; };
		D852773C2010536500D7B1DE /* AliyunOSSTests.h */ = {isa = PBXFileReference; lastKnownFileType = sourcecode.c.h; path = AliyunOSSTests.h; sourceTree = "<group>"; };
		D87182F61FC55F36000DD9EC /* SystemConfiguration.framework */ = {isa = PBXFileReference; lastKnownFileType = wrapper.framework; name = SystemConfiguration.framework; path = System/Library/Frameworks/SystemConfiguration.framework; sourceTree = SDKROOT; };
		D87182F81FC55F46000DD9EC /* libresolv.tbd */ = {isa = PBXFileReference; lastKnownFileType = "sourcecode.text-based-dylib-definition"; name = libresolv.tbd; path = usr/lib/libresolv.tbd; sourceTree = SDKROOT; };
		D87182FA1FC560D6000DD9EC /* CoreTelephony.framework */ = {isa = PBXFileReference; lastKnownFileType = wrapper.framework; name = CoreTelephony.framework; path = System/Library/Frameworks/CoreTelephony.framework; sourceTree = SDKROOT; };
		D87183A71FC56F12000DD9EC /* AliyunOSSiOSTests.xctest */ = {isa = PBXFileReference; explicitFileType = wrapper.cfbundle; includeInIndex = 0; path = AliyunOSSiOSTests.xctest; sourceTree = BUILT_PRODUCTS_DIR; };
		D87183B21FC56FD0000DD9EC /* AliyunOSSiOS.framework */ = {isa = PBXFileReference; explicitFileType = wrapper.framework; path = AliyunOSSiOS.framework; sourceTree = BUILT_PRODUCTS_DIR; };
		D87183BA1FC572C6000DD9EC /* OSSLogTests.m */ = {isa = PBXFileReference; fileEncoding = 4; lastKnownFileType = sourcecode.c.objc; path = OSSLogTests.m; sourceTree = "<group>"; };
		D87183BB1FC572C6000DD9EC /* AliyunOSSiOSTests.m */ = {isa = PBXFileReference; fileEncoding = 4; lastKnownFileType = sourcecode.c.objc; path = AliyunOSSiOSTests.m; sourceTree = "<group>"; };
		D87183BC1FC572C6000DD9EC /* OSSTaskTests.m */ = {isa = PBXFileReference; fileEncoding = 4; lastKnownFileType = sourcecode.c.objc; path = OSSTaskTests.m; sourceTree = "<group>"; };
		D87183BD1FC572C6000DD9EC /* OSSCancellationTests.m */ = {isa = PBXFileReference; fileEncoding = 4; lastKnownFileType = sourcecode.c.objc; path = OSSCancellationTests.m; sourceTree = "<group>"; };
		D87183BE1FC572C6000DD9EC /* OSSExecutorTests.m */ = {isa = PBXFileReference; fileEncoding = 4; lastKnownFileType = sourcecode.c.objc; path = OSSExecutorTests.m; sourceTree = "<group>"; };
		D87183BF1FC572C6000DD9EC /* OSSXMLDictionaryTests.m */ = {isa = PBXFileReference; fileEncoding = 4; lastKnownFileType = sourcecode.c.objc; path = OSSXMLDictionaryTests.m; sourceTree = "<group>"; };
		D87183C01FC572C6000DD9EC /* Info.plist */ = {isa = PBXFileReference; fileEncoding = 4; lastKnownFileType = text.plist.xml; path = Info.plist; sourceTree = "<group>"; };
		D87183C11FC572C6000DD9EC /* OSSReachabilityTests.m */ = {isa = PBXFileReference; fileEncoding = 4; lastKnownFileType = sourcecode.c.objc; path = OSSReachabilityTests.m; sourceTree = "<group>"; };
		D87A0E012057F54B006D2F48 /* ConcurrencyTests.m */ = {isa = PBXFileReference; lastKnownFileType = sourcecode.c.objc; path = ConcurrencyTests.m; sourceTree = "<group>"; };
		D88AD7E52180205600B34D47 /* OSSManager.m */ = {isa = PBXFileReference; fileEncoding = 4; lastKnownFileType = sourcecode.c.objc; path = OSSManager.m; sourceTree = "<group>"; };
		D88AD7E62180205600B34D47 /* OSSWrapper.m */ = {isa = PBXFileReference; fileEncoding = 4; lastKnownFileType = sourcecode.c.objc; path = OSSWrapper.m; sourceTree = "<group>"; };
		D88AD7E72180205600B34D47 /* DownloadService.h */ = {isa = PBXFileReference; fileEncoding = 4; lastKnownFileType = sourcecode.c.h; path = DownloadService.h; sourceTree = "<group>"; };
		D88AD7E82180205600B34D47 /* OSSManager.h */ = {isa = PBXFileReference; fileEncoding = 4; lastKnownFileType = sourcecode.c.h; path = OSSManager.h; sourceTree = "<group>"; };
		D88AD7E92180205600B34D47 /* OSSWrapper.h */ = {isa = PBXFileReference; fileEncoding = 4; lastKnownFileType = sourcecode.c.h; path = OSSWrapper.h; sourceTree = "<group>"; };
		D88AD7EA2180205600B34D47 /* DownloadService.m */ = {isa = PBXFileReference; fileEncoding = 4; lastKnownFileType = sourcecode.c.objc; path = DownloadService.m; sourceTree = "<group>"; };
/* End PBXFileReference section */

/* Begin PBXFrameworksBuildPhase section */
		D827E4091FCD0FC60085380C /* Frameworks */ = {
			isa = PBXFrameworksBuildPhase;
			buildActionMask = 2147483647;
			files = (
				D827E42A1FCD11C40085380C /* CoreTelephony.framework in Frameworks */,
				D827E4281FCD11BD0085380C /* SystemConfiguration.framework in Frameworks */,
				D827E4241FCD11B00085380C /* AliyunOSSOSX.framework in Frameworks */,
			);
			runOnlyForDeploymentPostprocessing = 0;
		};
		D83D58A31FC6B2850022761B /* Frameworks */ = {
			isa = PBXFrameworksBuildPhase;
			buildActionMask = 2147483647;
			files = (
				D83D58EB1FC6C0C70022761B /* AliyunOSSiOS.framework in Frameworks */,
				D83D58DA1FC6B4450022761B /* libresolv.tbd in Frameworks */,
				D83D58D91FC6B43E0022761B /* CoreTelephony.framework in Frameworks */,
				D83D58D81FC6B4350022761B /* SystemConfiguration.framework in Frameworks */,
			);
			runOnlyForDeploymentPostprocessing = 0;
		};
		D87183A41FC56F12000DD9EC /* Frameworks */ = {
			isa = PBXFrameworksBuildPhase;
			buildActionMask = 2147483647;
			files = (
				D87183D21FC5820B000DD9EC /* CoreTelephony.framework in Frameworks */,
				D87183D11FC58201000DD9EC /* SystemConfiguration.framework in Frameworks */,
				D87183D01FC581FA000DD9EC /* libresolv.tbd in Frameworks */,
				D87183B11FC56FD0000DD9EC /* AliyunOSSiOS.framework in Frameworks */,
			);
			runOnlyForDeploymentPostprocessing = 0;
		};
/* End PBXFrameworksBuildPhase section */

/* Begin PBXGroup section */
		D827E40D1FCD0FC60085380C /* AliyunOSSSDK-OSX-Example */ = {
			isa = PBXGroup;
			children = (
				D827E40E1FCD0FC60085380C /* AppDelegate.h */,
				D827E40F1FCD0FC60085380C /* AppDelegate.m */,
				D827E4111FCD0FC60085380C /* ViewController.h */,
				D827E4121FCD0FC60085380C /* ViewController.m */,
				D827E4141FCD0FC60085380C /* Assets.xcassets */,
				D827E4161FCD0FC60085380C /* Main.storyboard */,
				D827E4191FCD0FC60085380C /* Info.plist */,
				D827E41A1FCD0FC60085380C /* main.m */,
				D827E4201FCD101F0085380C /* OSSWindow.h */,
				D827E4211FCD101F0085380C /* OSSWindow.m */,
			);
			path = "AliyunOSSSDK-OSX-Example";
			sourceTree = "<group>";
		};
		D83D58A71FC6B2850022761B /* AliyunOSSSDK-iOS-Example */ = {
			isa = PBXGroup;
			children = (
				D83D58F81FC700C70022761B /* Resources */,
				D83D58DC1FC6B61F0022761B /* Supporting Files */,
				D83D58BC1FC6B3100022761B /* Classes */,
			);
			path = "AliyunOSSSDK-iOS-Example";
			sourceTree = "<group>";
		};
		D83D58BC1FC6B3100022761B /* Classes */ = {
			isa = PBXGroup;
			children = (
				D88AD7E42180205600B34D47 /* Wrapper */,
				D83D58BD1FC6B3100022761B /* AppDelegate.h */,
				D83D58C51FC6B3100022761B /* AppDelegate.m */,
				D83D58CC1FC6B3100022761B /* ViewController.h */,
				D83D58BF1FC6B3100022761B /* ViewController.m */,
			);
			path = Classes;
			sourceTree = "<group>";
		};
		D83D58DC1FC6B61F0022761B /* Supporting Files */ = {
			isa = PBXGroup;
			children = (
				D83D58E61FC6B6D90022761B /* LaunchScreen.storyboard */,
				D83D58E41FC6B6D90022761B /* Main.storyboard */,
				D83D58DD1FC6B61F0022761B /* Assets.xcassets */,
				D83D58DE1FC6B61F0022761B /* AliyunOSSSDK-iOS-Example-Prefix.pch */,
				D83D58DF1FC6B61F0022761B /* main.m */,
				D83D58E01FC6B61F0022761B /* Info.plist */,
			);
			path = "Supporting Files";
			sourceTree = "<group>";
		};
		D83D58ED1FC6C1F40022761B /* Scripts */ = {
			isa = PBXGroup;
			children = (
				D83D58EE1FC6C1F40022761B /* sts.py */,
				D83D58F01FC6C1F40022761B /* httpserver.py */,
			);
			name = Scripts;
			path = ../Scripts;
			sourceTree = "<group>";
		};
		D83D58F81FC700C70022761B /* Resources */ = {
			isa = PBXGroup;
			children = (
				4C7B5BE82043A15100FDD612 /* wangwang.zip */,
				4C7B5BE42041680300FDD612 /* hasky.jpeg */,
				D83D58F91FC700C70022761B /* test.xml */,
			);
			path = Resources;
			sourceTree = "<group>";
		};
		D87182AC1FC55611000DD9EC = {
			isa = PBXGroup;
			children = (
				D827E4231FCD11B00085380C /* AliyunOSSOSX.framework */,
				D83D58EA1FC6C0C70022761B /* AliyunOSSiOS.framework */,
				D87183B91FC572C6000DD9EC /* AliyunOSSiOSTests */,
				D83D58A71FC6B2850022761B /* AliyunOSSSDK-iOS-Example */,
				D827E40D1FCD0FC60085380C /* AliyunOSSSDK-OSX-Example */,
				D87182B61FC55611000DD9EC /* Products */,
				D83D58ED1FC6C1F40022761B /* Scripts */,
				D87182F51FC55F35000DD9EC /* Frameworks */,
			);
			sourceTree = "<group>";
		};
		D87182B61FC55611000DD9EC /* Products */ = {
			isa = PBXGroup;
			children = (
				D87183A71FC56F12000DD9EC /* AliyunOSSiOSTests.xctest */,
				D83D58A61FC6B2850022761B /* AliyunOSSSDK-iOS-Example.app */,
				D827E40C1FCD0FC60085380C /* AliyunOSSSDK-OSX-Example.app */,
			);
			name = Products;
			sourceTree = "<group>";
		};
		D87182F51FC55F35000DD9EC /* Frameworks */ = {
			isa = PBXGroup;
			children = (
				D827E42B1FCD11CC0085380C /* libresolv.tbd */,
				D827E4291FCD11C40085380C /* CoreTelephony.framework */,
				D827E4271FCD11BD0085380C /* SystemConfiguration.framework */,
				D87183B21FC56FD0000DD9EC /* AliyunOSSiOS.framework */,
				D87182FA1FC560D6000DD9EC /* CoreTelephony.framework */,
				D87182F81FC55F46000DD9EC /* libresolv.tbd */,
				D87182F61FC55F36000DD9EC /* SystemConfiguration.framework */,
			);
			name = Frameworks;
			sourceTree = "<group>";
		};
		D87183B91FC572C6000DD9EC /* AliyunOSSiOSTests */ = {
			isa = PBXGroup;
			children = (
				D87183BB1FC572C6000DD9EC /* AliyunOSSiOSTests.m */,
				D852773C2010536500D7B1DE /* AliyunOSSTests.h */,
				D85277382010414D00D7B1DE /* AliyunOSSTests.m */,
				D87A0E012057F54B006D2F48 /* ConcurrencyTests.m */,
				D87183C01FC572C6000DD9EC /* Info.plist */,
				D829F3AD1FDE719000A8C2DC /* OSSBucketTests.m */,
				D87183BD1FC572C6000DD9EC /* OSSCancellationTests.m */,
				D8125E95211DAFA500DB687C /* OSSClientTests.m */,
				5468C5182601D85100CF043E /* OSSConfigurationTest.m */,
				D829F3F51FE23DA700A8C2DC /* OSSCrc64Tests.m */,
				D83D58511FC680840022761B /* OSSCredentialProviderTests.m */,
				D87183BE1FC572C6000DD9EC /* OSSExecutorTests.m */,
				D1805034212EA0F700A1E647 /* OSSHttp2Test.m */,
				D87183BA1FC572C6000DD9EC /* OSSLogTests.m */,
				D83D58521FC680850022761B /* OSSModelTests.m */,
				D829F3AF1FDE71C500A8C2DC /* OSSObjectTests.m */,
				D83D58501FC680840022761B /* OSSRangeTests.m */,
				D87183C11FC572C6000DD9EC /* OSSReachabilityTests.m */,
				D83D58531FC680850022761B /* OSSSignTests.m */,
				D87183BC1FC572C6000DD9EC /* OSSTaskTests.m */,
				D829F3B11FDE72A200A8C2DC /* OSSTestMacros.h */,
				4C7B5BE120411D1900FDD612 /* OSSTestUtils.h */,
				4C7B5BE220411D1900FDD612 /* OSSTestUtils.m */,
				D810A00A2092F76900425D19 /* OSSUtilsTests.m */,
				D87183BF1FC572C6000DD9EC /* OSSXMLDictionaryTests.m */,
				D852773A2010439A00D7B1DE /* SequentialMultipartUploadTests.m */,
				D83CEFF7201F1CEE00F917E1 /* TriggerCallbackTests.m */,
			);
			name = AliyunOSSiOSTests;
			path = ../AliyunOSSiOSTests;
			sourceTree = "<group>";
		};
		D88AD7E42180205600B34D47 /* Wrapper */ = {
			isa = PBXGroup;
			children = (
				D88AD7E52180205600B34D47 /* OSSManager.m */,
				D88AD7E62180205600B34D47 /* OSSWrapper.m */,
				D88AD7E72180205600B34D47 /* DownloadService.h */,
				D88AD7E82180205600B34D47 /* OSSManager.h */,
				D88AD7E92180205600B34D47 /* OSSWrapper.h */,
				D88AD7EA2180205600B34D47 /* DownloadService.m */,
			);
			path = Wrapper;
			sourceTree = "<group>";
		};
/* End PBXGroup section */

/* Begin PBXNativeTarget section */
		D827E40B1FCD0FC60085380C /* AliyunOSSSDK-OSX-Example */ = {
			isa = PBXNativeTarget;
			buildConfigurationList = D827E41F1FCD0FC60085380C /* Build configuration list for PBXNativeTarget "AliyunOSSSDK-OSX-Example" */;
			buildPhases = (
				D827E4081FCD0FC60085380C /* Sources */,
				D827E4091FCD0FC60085380C /* Frameworks */,
				D827E40A1FCD0FC60085380C /* Resources */,
				D827E4261FCD11B10085380C /* Embed Frameworks */,
			);
			buildRules = (
			);
			dependencies = (
			);
			name = "AliyunOSSSDK-OSX-Example";
			productName = "AliyunOSSSDK-OSX-Example";
			productReference = D827E40C1FCD0FC60085380C /* AliyunOSSSDK-OSX-Example.app */;
			productType = "com.apple.product-type.application";
		};
		D83D58A51FC6B2850022761B /* AliyunOSSSDK-iOS-Example */ = {
			isa = PBXNativeTarget;
			buildConfigurationList = D83D58B91FC6B2850022761B /* Build configuration list for PBXNativeTarget "AliyunOSSSDK-iOS-Example" */;
			buildPhases = (
				D83D58A21FC6B2850022761B /* Sources */,
				D83D58A31FC6B2850022761B /* Frameworks */,
				D83D58A41FC6B2850022761B /* Resources */,
				D83D58D71FC6B41C0022761B /* Embed Frameworks */,
			);
			buildRules = (
			);
			dependencies = (
			);
			name = "AliyunOSSSDK-iOS-Example";
			productName = "AliyunOSSSDK-iOS-Example";
			productReference = D83D58A61FC6B2850022761B /* AliyunOSSSDK-iOS-Example.app */;
			productType = "com.apple.product-type.application";
		};
		D87183A61FC56F12000DD9EC /* AliyunOSSiOSTests */ = {
			isa = PBXNativeTarget;
			buildConfigurationList = D87183AE1FC56F12000DD9EC /* Build configuration list for PBXNativeTarget "AliyunOSSiOSTests" */;
			buildPhases = (
				D87183A31FC56F12000DD9EC /* Sources */,
				D87183A41FC56F12000DD9EC /* Frameworks */,
				D87183A51FC56F12000DD9EC /* Resources */,
			);
			buildRules = (
			);
			dependencies = (
				D83D58F71FC6FFA20022761B /* PBXTargetDependency */,
			);
			name = AliyunOSSiOSTests;
			productName = AliyunOSSiOSTests;
			productReference = D87183A71FC56F12000DD9EC /* AliyunOSSiOSTests.xctest */;
			productType = "com.apple.product-type.bundle.unit-test";
		};
/* End PBXNativeTarget section */

/* Begin PBXProject section */
		D87182AD1FC55611000DD9EC /* Project object */ = {
			isa = PBXProject;
			attributes = {
				LastUpgradeCheck = 0920;
				ORGANIZATIONNAME = aliyun;
				TargetAttributes = {
					D827E40B1FCD0FC60085380C = {
						CreatedOnToolsVersion = 9.1;
						ProvisioningStyle = Manual;
						SystemCapabilities = {
							com.apple.Sandbox = {
								enabled = 0;
							};
						};
					};
					D83D58A51FC6B2850022761B = {
						CreatedOnToolsVersion = 9.1;
						ProvisioningStyle = Automatic;
					};
					D87183A61FC56F12000DD9EC = {
						CreatedOnToolsVersion = 9.1;
						ProvisioningStyle = Automatic;
						TestTargetID = D83D58A51FC6B2850022761B;
					};
				};
			};
			buildConfigurationList = D87182B01FC55611000DD9EC /* Build configuration list for PBXProject "AliyunOSSSDK-Example" */;
			compatibilityVersion = "Xcode 8.0";
			developmentRegion = en;
			hasScannedForEncodings = 0;
			knownRegions = (
				en,
				Base,
			);
			mainGroup = D87182AC1FC55611000DD9EC;
			productRefGroup = D87182B61FC55611000DD9EC /* Products */;
			projectDirPath = "";
			projectRoot = "";
			targets = (
				D87183A61FC56F12000DD9EC /* AliyunOSSiOSTests */,
				D83D58A51FC6B2850022761B /* AliyunOSSSDK-iOS-Example */,
				D827E40B1FCD0FC60085380C /* AliyunOSSSDK-OSX-Example */,
			);
		};
/* End PBXProject section */

/* Begin PBXResourcesBuildPhase section */
		D827E40A1FCD0FC60085380C /* Resources */ = {
			isa = PBXResourcesBuildPhase;
			buildActionMask = 2147483647;
			files = (
				4C7B5BE72041680300FDD612 /* hasky.jpeg in Resources */,
				D827E4151FCD0FC60085380C /* Assets.xcassets in Resources */,
				4C7B5BEB2043A15100FDD612 /* wangwang.zip in Resources */,
				D827E4181FCD0FC60085380C /* Main.storyboard in Resources */,
			);
			runOnlyForDeploymentPostprocessing = 0;
		};
		D83D58A41FC6B2850022761B /* Resources */ = {
			isa = PBXResourcesBuildPhase;
			buildActionMask = 2147483647;
			files = (
				4C7B5BEA2043A15100FDD612 /* wangwang.zip in Resources */,
				D83D58E81FC6B6DA0022761B /* Main.storyboard in Resources */,
				4C7B5BE62041680300FDD612 /* hasky.jpeg in Resources */,
				D83D58FB1FC700C70022761B /* test.xml in Resources */,
				D83D58E91FC6B6DA0022761B /* LaunchScreen.storyboard in Resources */,
				D83D58E11FC6B61F0022761B /* Assets.xcassets in Resources */,
			);
			runOnlyForDeploymentPostprocessing = 0;
		};
		D87183A51FC56F12000DD9EC /* Resources */ = {
			isa = PBXResourcesBuildPhase;
			buildActionMask = 2147483647;
			files = (
				4C7B5BE92043A15100FDD612 /* wangwang.zip in Resources */,
				4C7B5BE52041680300FDD612 /* hasky.jpeg in Resources */,
				D8C41A641FCC002C0091699B /* test.xml in Resources */,
				D83D58F21FC6C1F40022761B /* sts.py in Resources */,
				D83D58F41FC6C1F40022761B /* httpserver.py in Resources */,
			);
			runOnlyForDeploymentPostprocessing = 0;
		};
/* End PBXResourcesBuildPhase section */

/* Begin PBXSourcesBuildPhase section */
		D827E4081FCD0FC60085380C /* Sources */ = {
			isa = PBXSourcesBuildPhase;
			buildActionMask = 2147483647;
			files = (
				D827E4131FCD0FC60085380C /* ViewController.m in Sources */,
				D827E41B1FCD0FC60085380C /* main.m in Sources */,
				D827E4101FCD0FC60085380C /* AppDelegate.m in Sources */,
				D827E4221FCD101F0085380C /* OSSWindow.m in Sources */,
			);
			runOnlyForDeploymentPostprocessing = 0;
		};
		D83D58A21FC6B2850022761B /* Sources */ = {
			isa = PBXSourcesBuildPhase;
			buildActionMask = 2147483647;
			files = (
				D83D58D11FC6B3100022761B /* AppDelegate.m in Sources */,
				D83D58E21FC6B61F0022761B /* main.m in Sources */,
				D83D58CE1FC6B3100022761B /* ViewController.m in Sources */,
				D88AD7ED2180205600B34D47 /* DownloadService.m in Sources */,
				D88AD7EB2180205600B34D47 /* OSSManager.m in Sources */,
				D88AD7EC2180205600B34D47 /* OSSWrapper.m in Sources */,
			);
			runOnlyForDeploymentPostprocessing = 0;
		};
		D87183A31FC56F12000DD9EC /* Sources */ = {
			isa = PBXSourcesBuildPhase;
			buildActionMask = 2147483647;
			files = (
				D8125E96211DAFA500DB687C /* OSSClientTests.m in Sources */,
				D852773B2010439A00D7B1DE /* SequentialMultipartUploadTests.m in Sources */,
				D87183C61FC572C6000DD9EC /* OSSExecutorTests.m in Sources */,
				D87183C71FC572C6000DD9EC /* OSSXMLDictionaryTests.m in Sources */,
				D83D58591FC682010022761B /* OSSCredentialProviderTests.m in Sources */,
				D87A0E022057F54B006D2F48 /* ConcurrencyTests.m in Sources */,
				D87183C21FC572C6000DD9EC /* OSSLogTests.m in Sources */,
				D83D585B1FC6820B0022761B /* OSSSignTests.m in Sources */,
				D83D58581FC681F90022761B /* OSSModelTests.m in Sources */,
				D83D585A1FC682070022761B /* OSSRangeTests.m in Sources */,
				D87183C41FC572C6000DD9EC /* OSSTaskTests.m in Sources */,
				D87183C51FC572C6000DD9EC /* OSSCancellationTests.m in Sources */,
				D829F3AE1FDE719000A8C2DC /* OSSBucketTests.m in Sources */,
				D829F3F61FE23DA700A8C2DC /* OSSCrc64Tests.m in Sources */,
				D1805035212EA0F700A1E647 /* OSSHttp2Test.m in Sources */,
				D87183C91FC572C6000DD9EC /* OSSReachabilityTests.m in Sources */,
				D829F3B01FDE71C500A8C2DC /* OSSObjectTests.m in Sources */,
				D810A00B2092F76900425D19 /* OSSUtilsTests.m in Sources */,
				5468C5192601D85100CF043E /* OSSConfigurationTest.m in Sources */,
				D87183C31FC572C6000DD9EC /* AliyunOSSiOSTests.m in Sources */,
				D83CEFF8201F1CEE00F917E1 /* TriggerCallbackTests.m in Sources */,
				D85277392010414D00D7B1DE /* AliyunOSSTests.m in Sources */,
				4C7B5BE320411D1900FDD612 /* OSSTestUtils.m in Sources */,
			);
			runOnlyForDeploymentPostprocessing = 0;
		};
/* End PBXSourcesBuildPhase section */

/* Begin PBXTargetDependency section */
		D83D58F71FC6FFA20022761B /* PBXTargetDependency */ = {
			isa = PBXTargetDependency;
			target = D83D58A51FC6B2850022761B /* AliyunOSSSDK-iOS-Example */;
			targetProxy = D83D58F61FC6FFA20022761B /* PBXContainerItemProxy */;
		};
/* End PBXTargetDependency section */

/* Begin PBXVariantGroup section */
		D827E4161FCD0FC60085380C /* Main.storyboard */ = {
			isa = PBXVariantGroup;
			children = (
				D827E4171FCD0FC60085380C /* Base */,
			);
			name = Main.storyboard;
			sourceTree = "<group>";
		};
		D83D58E41FC6B6D90022761B /* Main.storyboard */ = {
			isa = PBXVariantGroup;
			children = (
				D83D58E51FC6B6D90022761B /* Base */,
			);
			name = Main.storyboard;
			sourceTree = "<group>";
		};
		D83D58E61FC6B6D90022761B /* LaunchScreen.storyboard */ = {
			isa = PBXVariantGroup;
			children = (
				D83D58E71FC6B6D90022761B /* Base */,
			);
			name = LaunchScreen.storyboard;
			sourceTree = "<group>";
		};
/* End PBXVariantGroup section */

/* Begin XCBuildConfiguration section */
		D827E41D1FCD0FC60085380C /* Debug */ = {
			isa = XCBuildConfiguration;
			buildSettings = {
				ASSETCATALOG_COMPILER_APPICON_NAME = AppIcon;
				CODE_SIGN_IDENTITY = "-";
				CODE_SIGN_STYLE = Manual;
				COMBINE_HIDPI_IMAGES = YES;
				DEVELOPMENT_TEAM = "";
				INFOPLIST_FILE = "AliyunOSSSDK-OSX-Example/Info.plist";
				LD_RUNPATH_SEARCH_PATHS = "$(inherited) @executable_path/../Frameworks";
				MACOSX_DEPLOYMENT_TARGET = 10.10;
				OTHER_LDFLAGS = "-ObjC";
				PRODUCT_BUNDLE_IDENTIFIER = "com.aliyun.oss.AliyunOSSSDK-OSX-Example";
				PRODUCT_NAME = "$(TARGET_NAME)";
				PROVISIONING_PROFILE_SPECIFIER = "";
				SDKROOT = macosx;
			};
			name = Debug;
		};
		D827E41E1FCD0FC60085380C /* Release */ = {
			isa = XCBuildConfiguration;
			buildSettings = {
				ASSETCATALOG_COMPILER_APPICON_NAME = AppIcon;
				CODE_SIGN_IDENTITY = "-";
				CODE_SIGN_STYLE = Manual;
				COMBINE_HIDPI_IMAGES = YES;
				DEVELOPMENT_TEAM = "";
				INFOPLIST_FILE = "AliyunOSSSDK-OSX-Example/Info.plist";
				LD_RUNPATH_SEARCH_PATHS = "$(inherited) @executable_path/../Frameworks";
				MACOSX_DEPLOYMENT_TARGET = 10.10;
				OTHER_LDFLAGS = "-ObjC";
				PRODUCT_BUNDLE_IDENTIFIER = "com.aliyun.oss.AliyunOSSSDK-OSX-Example";
				PRODUCT_NAME = "$(TARGET_NAME)";
				PROVISIONING_PROFILE_SPECIFIER = "";
				SDKROOT = macosx;
			};
			name = Release;
		};
		D83D58BA1FC6B2850022761B /* Debug */ = {
			isa = XCBuildConfiguration;
			buildSettings = {
				ASSETCATALOG_COMPILER_APPICON_NAME = AppIcon;
				"CODE_SIGN_IDENTITY[sdk=iphoneos*]" = "iPhone Developer";
				CODE_SIGN_STYLE = Automatic;
				DEVELOPMENT_TEAM = "";
				GCC_PREFIX_HEADER = "$(SRCROOT)/AliyunOSSSDK-iOS-Example/Supporting Files/AliyunOSSSDK-iOS-Example-Prefix.pch";
				INFOPLIST_FILE = "AliyunOSSSDK-iOS-Example/Supporting Files/Info.plist";
				IPHONEOS_DEPLOYMENT_TARGET = 8.0;
				LD_RUNPATH_SEARCH_PATHS = "$(inherited) @executable_path/Frameworks";
				OTHER_LDFLAGS = "-ObjC";
				PRODUCT_BUNDLE_IDENTIFIER = "com.aliyun.oss.AliyunOSSSDK-iOS-Example";
				PRODUCT_NAME = "$(TARGET_NAME)";
				PROVISIONING_PROFILE_SPECIFIER = "";
				TARGETED_DEVICE_FAMILY = "1,2";
			};
			name = Debug;
		};
		D83D58BB1FC6B2850022761B /* Release */ = {
			isa = XCBuildConfiguration;
			buildSettings = {
				ASSETCATALOG_COMPILER_APPICON_NAME = AppIcon;
				"CODE_SIGN_IDENTITY[sdk=iphoneos*]" = "iPhone Developer";
				CODE_SIGN_STYLE = Automatic;
				DEVELOPMENT_TEAM = "";
				GCC_PREFIX_HEADER = "$(SRCROOT)/AliyunOSSSDK-iOS-Example/Supporting Files/AliyunOSSSDK-iOS-Example-Prefix.pch";
				INFOPLIST_FILE = "AliyunOSSSDK-iOS-Example/Supporting Files/Info.plist";
				IPHONEOS_DEPLOYMENT_TARGET = 8.0;
				LD_RUNPATH_SEARCH_PATHS = "$(inherited) @executable_path/Frameworks";
				OTHER_LDFLAGS = "-ObjC";
				PRODUCT_BUNDLE_IDENTIFIER = "com.aliyun.oss.AliyunOSSSDK-iOS-Example";
				PRODUCT_NAME = "$(TARGET_NAME)";
				PROVISIONING_PROFILE_SPECIFIER = "";
				TARGETED_DEVICE_FAMILY = "1,2";
			};
			name = Release;
		};
		D87182C91FC55611000DD9EC /* Debug */ = {
			isa = XCBuildConfiguration;
			buildSettings = {
				ALWAYS_SEARCH_USER_PATHS = NO;
				CLANG_ANALYZER_NONNULL = YES;
				CLANG_ANALYZER_NUMBER_OBJECT_CONVERSION = YES_AGGRESSIVE;
				CLANG_CXX_LANGUAGE_STANDARD = "gnu++14";
				CLANG_CXX_LIBRARY = "libc++";
				CLANG_ENABLE_MODULES = YES;
				CLANG_ENABLE_OBJC_ARC = YES;
				CLANG_WARN_BLOCK_CAPTURE_AUTORELEASING = YES;
				CLANG_WARN_BOOL_CONVERSION = YES;
				CLANG_WARN_COMMA = YES;
				CLANG_WARN_CONSTANT_CONVERSION = YES;
				CLANG_WARN_DIRECT_OBJC_ISA_USAGE = YES_ERROR;
				CLANG_WARN_DOCUMENTATION_COMMENTS = YES;
				CLANG_WARN_EMPTY_BODY = YES;
				CLANG_WARN_ENUM_CONVERSION = YES;
				CLANG_WARN_INFINITE_RECURSION = YES;
				CLANG_WARN_INT_CONVERSION = YES;
				CLANG_WARN_NON_LITERAL_NULL_CONVERSION = YES;
				CLANG_WARN_OBJC_LITERAL_CONVERSION = YES;
				CLANG_WARN_OBJC_ROOT_CLASS = YES_ERROR;
				CLANG_WARN_RANGE_LOOP_ANALYSIS = YES;
				CLANG_WARN_STRICT_PROTOTYPES = YES;
				CLANG_WARN_SUSPICIOUS_MOVE = YES;
				CLANG_WARN_UNGUARDED_AVAILABILITY = YES_AGGRESSIVE;
				CLANG_WARN_UNREACHABLE_CODE = YES;
				CLANG_WARN__DUPLICATE_METHOD_MATCH = YES;
				CODE_SIGN_IDENTITY = "iPhone Developer";
				COPY_PHASE_STRIP = NO;
				DEBUG_INFORMATION_FORMAT = dwarf;
				ENABLE_STRICT_OBJC_MSGSEND = YES;
				ENABLE_TESTABILITY = YES;
				GCC_C_LANGUAGE_STANDARD = gnu11;
				GCC_DYNAMIC_NO_PIC = NO;
				GCC_NO_COMMON_BLOCKS = YES;
				GCC_OPTIMIZATION_LEVEL = 0;
				GCC_PREPROCESSOR_DEFINITIONS = (
					"DEBUG=1",
					"$(inherited)",
				);
				GCC_WARN_64_TO_32_BIT_CONVERSION = YES;
				GCC_WARN_ABOUT_RETURN_TYPE = YES_ERROR;
				GCC_WARN_UNDECLARED_SELECTOR = YES;
				GCC_WARN_UNINITIALIZED_AUTOS = YES_AGGRESSIVE;
				GCC_WARN_UNUSED_FUNCTION = YES;
				GCC_WARN_UNUSED_VARIABLE = YES;
				IPHONEOS_DEPLOYMENT_TARGET = 8.0;
				MACOSX_DEPLOYMENT_TARGET = 10.10;
				MTL_ENABLE_DEBUG_INFO = YES;
				ONLY_ACTIVE_ARCH = YES;
				OTHER_LDFLAGS = "-ObjC";
				SDKROOT = iphoneos;
			};
			name = Debug;
		};
		D87182CA1FC55611000DD9EC /* Release */ = {
			isa = XCBuildConfiguration;
			buildSettings = {
				ALWAYS_SEARCH_USER_PATHS = NO;
				CLANG_ANALYZER_NONNULL = YES;
				CLANG_ANALYZER_NUMBER_OBJECT_CONVERSION = YES_AGGRESSIVE;
				CLANG_CXX_LANGUAGE_STANDARD = "gnu++14";
				CLANG_CXX_LIBRARY = "libc++";
				CLANG_ENABLE_MODULES = YES;
				CLANG_ENABLE_OBJC_ARC = YES;
				CLANG_WARN_BLOCK_CAPTURE_AUTORELEASING = YES;
				CLANG_WARN_BOOL_CONVERSION = YES;
				CLANG_WARN_COMMA = YES;
				CLANG_WARN_CONSTANT_CONVERSION = YES;
				CLANG_WARN_DIRECT_OBJC_ISA_USAGE = YES_ERROR;
				CLANG_WARN_DOCUMENTATION_COMMENTS = YES;
				CLANG_WARN_EMPTY_BODY = YES;
				CLANG_WARN_ENUM_CONVERSION = YES;
				CLANG_WARN_INFINITE_RECURSION = YES;
				CLANG_WARN_INT_CONVERSION = YES;
				CLANG_WARN_NON_LITERAL_NULL_CONVERSION = YES;
				CLANG_WARN_OBJC_LITERAL_CONVERSION = YES;
				CLANG_WARN_OBJC_ROOT_CLASS = YES_ERROR;
				CLANG_WARN_RANGE_LOOP_ANALYSIS = YES;
				CLANG_WARN_STRICT_PROTOTYPES = YES;
				CLANG_WARN_SUSPICIOUS_MOVE = YES;
				CLANG_WARN_UNGUARDED_AVAILABILITY = YES_AGGRESSIVE;
				CLANG_WARN_UNREACHABLE_CODE = YES;
				CLANG_WARN__DUPLICATE_METHOD_MATCH = YES;
				CODE_SIGN_IDENTITY = "iPhone Developer";
				COPY_PHASE_STRIP = NO;
				DEBUG_INFORMATION_FORMAT = "dwarf-with-dsym";
				ENABLE_NS_ASSERTIONS = NO;
				ENABLE_STRICT_OBJC_MSGSEND = YES;
				GCC_C_LANGUAGE_STANDARD = gnu11;
				GCC_NO_COMMON_BLOCKS = YES;
				GCC_WARN_64_TO_32_BIT_CONVERSION = YES;
				GCC_WARN_ABOUT_RETURN_TYPE = YES_ERROR;
				GCC_WARN_UNDECLARED_SELECTOR = YES;
				GCC_WARN_UNINITIALIZED_AUTOS = YES_AGGRESSIVE;
				GCC_WARN_UNUSED_FUNCTION = YES;
				GCC_WARN_UNUSED_VARIABLE = YES;
				IPHONEOS_DEPLOYMENT_TARGET = 8.0;
				MACOSX_DEPLOYMENT_TARGET = 10.10;
				MTL_ENABLE_DEBUG_INFO = NO;
				OTHER_LDFLAGS = "-ObjC";
				SDKROOT = iphoneos;
				VALIDATE_PRODUCT = YES;
			};
			name = Release;
		};
		D87183AF1FC56F12000DD9EC /* Debug */ = {
			isa = XCBuildConfiguration;
			buildSettings = {
				BUNDLE_LOADER = "$(TEST_HOST)";
				"CODE_SIGN_IDENTITY[sdk=iphoneos*]" = "iPhone Developer";
				CODE_SIGN_STYLE = Automatic;
				DEVELOPMENT_TEAM = "";
				FRAMEWORK_SEARCH_PATHS = "$(PLATFORM_DIR)/Developer/Library/Frameworks";
				INFOPLIST_FILE = "$(SRCROOT)/../AliyunOSSiOSTests/Info.plist";
				IPHONEOS_DEPLOYMENT_TARGET = 11.1;
				LD_RUNPATH_SEARCH_PATHS = "$(inherited) @executable_path/Frameworks @loader_path/Frameworks";
				OTHER_LDFLAGS = "-ObjC";
				PRODUCT_BUNDLE_IDENTIFIER = com.aliyun.oss.AliyunOSSiOSTests;
				PRODUCT_NAME = "$(TARGET_NAME)";
				PROVISIONING_PROFILE_SPECIFIER = "";
				TARGETED_DEVICE_FAMILY = "1,2";
				TEST_HOST = "$(BUILT_PRODUCTS_DIR)/AliyunOSSSDK-iOS-Example.app/AliyunOSSSDK-iOS-Example";
			};
			name = Debug;
		};
		D87183B01FC56F12000DD9EC /* Release */ = {
			isa = XCBuildConfiguration;
			buildSettings = {
				BUNDLE_LOADER = "$(TEST_HOST)";
				"CODE_SIGN_IDENTITY[sdk=iphoneos*]" = "iPhone Developer";
				CODE_SIGN_STYLE = Automatic;
				DEVELOPMENT_TEAM = "";
				FRAMEWORK_SEARCH_PATHS = "$(PLATFORM_DIR)/Developer/Library/Frameworks";
				INFOPLIST_FILE = "$(SRCROOT)/../AliyunOSSiOSTests/Info.plist";
				IPHONEOS_DEPLOYMENT_TARGET = 11.1;
				LD_RUNPATH_SEARCH_PATHS = "$(inherited) @executable_path/Frameworks @loader_path/Frameworks";
				OTHER_LDFLAGS = "-ObjC";
				PRODUCT_BUNDLE_IDENTIFIER = com.aliyun.oss.AliyunOSSiOSTests;
				PRODUCT_NAME = "$(TARGET_NAME)";
				PROVISIONING_PROFILE_SPECIFIER = "";
				TARGETED_DEVICE_FAMILY = "1,2";
				TEST_HOST = "$(BUILT_PRODUCTS_DIR)/AliyunOSSSDK-iOS-Example.app/AliyunOSSSDK-iOS-Example";
			};
			name = Release;
		};
/* End XCBuildConfiguration section */

/* Begin XCConfigurationList section */
		D827E41F1FCD0FC60085380C /* Build configuration list for PBXNativeTarget "AliyunOSSSDK-OSX-Example" */ = {
			isa = XCConfigurationList;
			buildConfigurations = (
				D827E41D1FCD0FC60085380C /* Debug */,
				D827E41E1FCD0FC60085380C /* Release */,
			);
			defaultConfigurationIsVisible = 0;
			defaultConfigurationName = Release;
		};
		D83D58B91FC6B2850022761B /* Build configuration list for PBXNativeTarget "AliyunOSSSDK-iOS-Example" */ = {
			isa = XCConfigurationList;
			buildConfigurations = (
				D83D58BA1FC6B2850022761B /* Debug */,
				D83D58BB1FC6B2850022761B /* Release */,
			);
			defaultConfigurationIsVisible = 0;
			defaultConfigurationName = Release;
		};
		D87182B01FC55611000DD9EC /* Build configuration list for PBXProject "AliyunOSSSDK-Example" */ = {
			isa = XCConfigurationList;
			buildConfigurations = (
				D87182C91FC55611000DD9EC /* Debug */,
				D87182CA1FC55611000DD9EC /* Release */,
			);
			defaultConfigurationIsVisible = 0;
			defaultConfigurationName = Release;
		};
		D87183AE1FC56F12000DD9EC /* Build configuration list for PBXNativeTarget "AliyunOSSiOSTests" */ = {
			isa = XCConfigurationList;
			buildConfigurations = (
				D87183AF1FC56F12000DD9EC /* Debug */,
				D87183B01FC56F12000DD9EC /* Release */,
			);
			defaultConfigurationIsVisible = 0;
			defaultConfigurationName = Release;
		};
/* End XCConfigurationList section */
	};
	rootObject = D87182AD1FC55611000DD9EC /* Project object */;
}
